{
  "name": "rbgreateragain",
  "version": "1.0.0",
  "lockfileVersion": 1,
  "requires": true,
  "dependencies": {
    "@material-icons/font": {
      "version": "1.0.6",
      "resolved": "https://registry.npmjs.org/@material-icons/font/-/font-1.0.6.tgz",
      "integrity": "sha512-CWyVkheAvYFZUzEMCa5dqdsYtbUWBz3VCire6VNIHdykKNW5ln0Sb8fRTa4uMeeTRSealQ5BdHtgmsWBG2CwIw=="
    },
    "eventemitter3": {
      "version": "4.0.7",
      "resolved": "https://registry.npmjs.org/eventemitter3/-/eventemitter3-4.0.7.tgz",
      "integrity": "sha512-8guHBZCwKnFhYdHr2ysuRWErTwhoN2X8XELRlrRwpmfeY2jjuUN4taQMsULKUVo1K4DvZl+0pgfyoysHxvmvEw=="
    },
    "hls.js": {
      "version": "0.14.17",
      "resolved": "https://registry.npmjs.org/hls.js/-/hls.js-0.14.17.tgz",
      "integrity": "sha512-25A7+m6qqp6UVkuzUQ//VVh2EEOPYlOBg32ypr34bcPO7liBMOkKFvbjbCBfiPAOTA/7BSx1Dujft3Th57WyFg==",
      "requires": {
        "eventemitter3": "^4.0.3",
        "url-toolkit": "^2.1.6"
      }
    },
    "jquery": {
      "version": "3.5.1",
      "resolved": "https://registry.npmjs.org/jquery/-/jquery-3.5.1.tgz",
      "integrity": "sha512-XwIBPqcMn57FxfT+Go5pzySnm4KWkT1Tv7gjrpT1srtf8Weynl6R273VJ5GjkRb51IzMp5nbaPjJXMWeju2MKg=="
    },
    "typeface-roboto": {
      "version": "1.1.13",
      "resolved": "https://registry.npmjs.org/typeface-roboto/-/typeface-roboto-1.1.13.tgz",
      "integrity": "sha512-YXvbd3a1QTREoD+FJoEkl0VQNJoEjewR2H11IjVv4bp6ahuIcw0yyw/3udC4vJkHw3T3cUh85FTg8eWef3pSaw=="
    },
    "url-toolkit": {
      "version": "2.2.1",
      "resolved": "https://registry.npmjs.org/url-toolkit/-/url-toolkit-2.2.1.tgz",
      "integrity": "sha512-8+DzgrtDZYZGhHaAop5WGVghMdCfOLGbhcArsJD0qDll71FXa7EeKxi2hilPIscn2nwMz4PRjML32Sz4JTN0Xw=="
    }
  }
}
